
Microsoft Visual Studio Solution File, Format Version 12.00
# Visual Studio Version 17
VisualStudioVersion = 17.13.35828.75
MinimumVisualStudioVersion = 10.0.40219.1
Project("{FAE04EC0-301F-11D3-BF4B-00C04F79EFBC}") = "01_MainSubjects", "01_MainSubjects\01_MainSubjects.csproj", "{0CB2E532-B1F8-47A4-B7ED-5D44AF4B78BC}"
EndProject
Project("{FAE04EC0-301F-11D3-BF4B-00C04F79EFBC}") = "02_Variables", "02_Variables\02_Variables.csproj", "{D37C46CD-6A81-4C17-8907-FB6B0DAA77EF}"
EndProject
Project("{FAE04EC0-301F-11D3-BF4B-00C04F79EFBC}") = "03_MakingDecision", "03_MakingDecision\03_MakingDecision.csproj", "{BFE07683-1C45-4463-B489-7FE288A5136A}"
EndProject
Project("{FAE04EC0-301F-11D3-BF4B-00C04F79EFBC}") = "04_Loops", "04_Loops\04_Loops.csproj", "{3FC70A67-177B-4172-82C3-6B6C5CDE1A73}"
EndProject
Project("{FAE04EC0-301F-11D3-BF4B-00C04F79EFBC}") = "05_LoopsWithStars", "05_LoopsWithStars\05_LoopsWithStars.csproj", "{2ACB3F49-16BC-497E-864E-080047E808E2}"
EndProject
Project("{FAE04EC0-301F-11D3-BF4B-00C04F79EFBC}") = "06_Arrays", "06_Arrays\06_Arrays.csproj", "{B9984157-5661-4116-A55A-278BDB2FF9F9}"
EndProject
Project("{FAE04EC0-301F-11D3-BF4B-00C04F79EFBC}") = "07_ForeachLoop", "07_ForeachLoop\07_ForeachLoop.csproj", "{BD4A0BA1-D83B-4CCA-AFCA-E812D9FF0EF7}"
EndProject
Global
	GlobalSection(SolutionConfigurationPlatforms) = preSolution
		Debug|Any CPU = Debug|Any CPU
		Release|Any CPU = Release|Any CPU
	EndGlobalSection
	GlobalSection(ProjectConfigurationPlatforms) = postSolution
		{0CB2E532-B1F8-47A4-B7ED-5D44AF4B78BC}.Debug|Any CPU.ActiveCfg = Debug|Any CPU
		{0CB2E532-B1F8-47A4-B7ED-5D44AF4B78BC}.Debug|Any CPU.Build.0 = Debug|Any CPU
		{0CB2E532-B1F8-47A4-B7ED-5D44AF4B78BC}.Release|Any CPU.ActiveCfg = Release|Any CPU
		{0CB2E532-B1F8-47A4-B7ED-5D44AF4B78BC}.Release|Any CPU.Build.0 = Release|Any CPU
		{D37C46CD-6A81-4C17-8907-FB6B0DAA77EF}.Debug|Any CPU.ActiveCfg = Debug|Any CPU
		{D37C46CD-6A81-4C17-8907-FB6B0DAA77EF}.Debug|Any CPU.Build.0 = Debug|Any CPU
		{D37C46CD-6A81-4C17-8907-FB6B0DAA77EF}.Release|Any CPU.ActiveCfg = Release|Any CPU
		{D37C46CD-6A81-4C17-8907-FB6B0DAA77EF}.Release|Any CPU.Build.0 = Release|Any CPU
		{BFE07683-1C45-4463-B489-7FE288A5136A}.Debug|Any CPU.ActiveCfg = Debug|Any CPU
		{BFE07683-1C45-4463-B489-7FE288A5136A}.Debug|Any CPU.Build.0 = Debug|Any CPU
		{BFE07683-1C45-4463-B489-7FE288A5136A}.Release|Any CPU.ActiveCfg = Release|Any CPU
		{BFE07683-1C45-4463-B489-7FE288A5136A}.Release|Any CPU.Build.0 = Release|Any CPU
		{3FC70A67-177B-4172-82C3-6B6C5CDE1A73}.Debug|Any CPU.ActiveCfg = Debug|Any CPU
		{3FC70A67-177B-4172-82C3-6B6C5CDE1A73}.Debug|Any CPU.Build.0 = Debug|Any CPU
		{3FC70A67-177B-4172-82C3-6B6C5CDE1A73}.Release|Any CPU.ActiveCfg = Release|Any CPU
		{3FC70A67-177B-4172-82C3-6B6C5CDE1A73}.Release|Any CPU.Build.0 = Release|Any CPU
		{2ACB3F49-16BC-497E-864E-080047E808E2}.Debug|Any CPU.ActiveCfg = Debug|Any CPU
		{2ACB3F49-16BC-497E-864E-080047E808E2}.Debug|Any CPU.Build.0 = Debug|Any CPU
		{2ACB3F49-16BC-497E-864E-080047E808E2}.Release|Any CPU.ActiveCfg = Release|Any CPU
		{2ACB3F49-16BC-497E-864E-080047E808E2}.Release|Any CPU.Build.0 = Release|Any CPU
		{B9984157-5661-4116-A55A-278BDB2FF9F9}.Debug|Any CPU.ActiveCfg = Debug|Any CPU
		{B9984157-5661-4116-A55A-278BDB2FF9F9}.Debug|Any CPU.Build.0 = Debug|Any CPU
		{B9984157-5661-4116-A55A-278BDB2FF9F9}.Release|Any CPU.ActiveCfg = Release|Any CPU
		{B9984157-5661-4116-A55A-278BDB2FF9F9}.Release|Any CPU.Build.0 = Release|Any CPU
		{BD4A0BA1-D83B-4CCA-AFCA-E812D9FF0EF7}.Debug|Any CPU.ActiveCfg = Debug|Any CPU
		{BD4A0BA1-D83B-4CCA-AFCA-E812D9FF0EF7}.Debug|Any CPU.Build.0 = Debug|Any CPU
		{BD4A0BA1-D83B-4CCA-AFCA-E812D9FF0EF7}.Release|Any CPU.ActiveCfg = Release|Any CPU
		{BD4A0BA1-D83B-4CCA-AFCA-E812D9FF0EF7}.Release|Any CPU.Build.0 = Release|Any CPU
	EndGlobalSection
	GlobalSection(SolutionProperties) = preSolution
		HideSolutionNode = FALSE
	EndGlobalSection
	GlobalSection(ExtensibilityGlobals) = postSolution
		SolutionGuid = {FB4437E3-AB14-475F-B7E1-E88286349F08}
	EndGlobalSection
EndGlobal
